{
  "name": "ecommerce",
  "version": "1.0.0",
  "lockfileVersion": 2,
  "requires": true,
  "packages": {
    "": {
      "name": "ecommerce",
      "version": "1.0.0",
      "license": "ISC",
      "dependencies": {
        "@emailjs/browser": "^3.4.0",
        "emailjs": "^3.7.0"
      }
    },
    "node_modules/@emailjs/browser": {
      "version": "3.4.0",
      "resolved": "https://registry.npmjs.org/@emailjs/browser/-/browser-3.4.0.tgz",
      "integrity": "sha512-pTR9wEj0KLrJBVWFfB6IFEwmGIod/6cfN541Y0TVN2+9Bbn+R9a8gq6GeJZ6ggbYs36J3gCTXDyVKhtxjRsjtw==",
      "engines": {
        "node": ">=14.0.0"
      }
    },
    "node_modules/emailjs": {
      "version": "3.7.0",
      "resolved": "https://registry.npmjs.org/emailjs/-/emailjs-3.7.0.tgz",
      "integrity": "sha512-eLHvGdSaLyn2su51y5BJqdKVxVK77kyW/oesw5lQk7fDIANYqi9LEF7zhw2Rf/vN0t8QAdAy30Ju/SCi8HHuTg==",
      "engines": {
        "node": ">=10"
      }
    }
  },
  "dependencies": {
    "@emailjs/browser": {
      "version": "3.4.0",
      "resolved": "https://registry.npmjs.org/@emailjs/browser/-/browser-3.4.0.tgz",
      "integrity": "sha512-pTR9wEj0KLrJBVWFfB6IFEwmGIod/6cfN541Y0TVN2+9Bbn+R9a8gq6GeJZ6ggbYs36J3gCTXDyVKhtxjRsjtw=="
    },
    "emailjs": {
      "version": "3.7.0",
      "resolved": "https://registry.npmjs.org/emailjs/-/emailjs-3.7.0.tgz",
      "integrity": "sha512-eLHvGdSaLyn2su51y5BJqdKVxVK77kyW/oesw5lQk7fDIANYqi9LEF7zhw2Rf/vN0t8QAdAy30Ju/SCi8HHuTg=="
    }
  }
}
